# This file is automatically @generated by Cargo.
# It is not intended for manual editing.
[[package]]
name = "maths-traits"
version = "0.2.1"
source = "registry+https://github.com/rust-lang/crates.io-index"
dependencies = [
 "num-traits 0.2.6 (registry+https://github.com/rust-lang/crates.io-index)",
]

[[package]]
name = "num-traits"
version = "0.2.6"
source = "registry+https://github.com/rust-lang/crates.io-index"

[[package]]
name = "numerical-integration"
version = "0.1.0"
dependencies = [
 "maths-traits 0.2.1 (registry+https://github.com/rust-lang/crates.io-index)",
]

[metadata]
"checksum maths-traits 0.2.1 (registry+https://github.com/rust-lang/crates.io-index)" = "22f026e1cd0e5f4d5a794e119ba9b3caeef6de22b2d772606b59dda2cdd52d5c"
"checksum num-traits 0.2.6 (registry+https://github.com/rust-lang/crates.io-index)" = "0b3a5d7cc97d6d30d8b9bc8fa19bf45349ffe46241e8816f50f62f6d6aaabee1"
